
Microsoft Visual Studio Solution File, Format Version 12.00
# Visual Studio Version 16
VisualStudioVersion = 16.0.30523.141
MinimumVisualStudioVersion = 10.0.40219.1
Project("{9A19103F-16F7-4668-BE54-9A1E7A4F7556}") = "TheWizardsGameShop", "TheWizardsGameShop\TheWizardsGameShop.csproj", "{72845C7A-C18B-4A21-BA28-16B8A874372E}"
EndProject
Project("{9A19103F-16F7-4668-BE54-9A1E7A4F7556}") = "TheWizardsUnitTest", "\\server\d\storyd\Desktop\GameShop-master\GameShop-master\TheWizardsUnitTest\TheWizardsUnitTest.csproj", "{8F57A9BB-B277-4C9D-A1F9-420FD3DCCCD2}"
EndProject
Global
	GlobalSection(SolutionConfigurationPlatforms) = preSolution
		Debug|Any CPU = Debug|Any CPU
		Release|Any CPU = Release|Any CPU
	EndGlobalSection
	GlobalSection(ProjectConfigurationPlatforms) = postSolution
		{72845C7A-C18B-4A21-BA28-16B8A874372E}.Debug|Any CPU.ActiveCfg = Debug|Any CPU
		{72845C7A-C18B-4A21-BA28-16B8A874372E}.Debug|Any CPU.Build.0 = Debug|Any CPU
		{72845C7A-C18B-4A21-BA28-16B8A874372E}.Release|Any CPU.ActiveCfg = Release|Any CPU
		{72845C7A-C18B-4A21-BA28-16B8A874372E}.Release|Any CPU.Build.0 = Release|Any CPU
		{8F57A9BB-B277-4C9D-A1F9-420FD3DCCCD2}.Debug|Any CPU.ActiveCfg = Debug|Any CPU
		{8F57A9BB-B277-4C9D-A1F9-420FD3DCCCD2}.Debug|Any CPU.Build.0 = Debug|Any CPU
		{8F57A9BB-B277-4C9D-A1F9-420FD3DCCCD2}.Release|Any CPU.ActiveCfg = Release|Any CPU
		{8F57A9BB-B277-4C9D-A1F9-420FD3DCCCD2}.Release|Any CPU.Build.0 = Release|Any CPU
	EndGlobalSection
	GlobalSection(SolutionProperties) = preSolution
		HideSolutionNode = FALSE
	EndGlobalSection
	GlobalSection(ExtensibilityGlobals) = postSolution
		SolutionGuid = {2BFCB60B-2795-4C2C-8DD4-F3D4B14ADAD4}
	EndGlobalSection
EndGlobal
