
Microsoft Visual Studio Solution File, Format Version 12.00
# Visual Studio Version 16
VisualStudioVersion = 16.0.30523.141
MinimumVisualStudioVersion = 10.0.40219.1
Project("{FAE04EC0-301F-11D3-BF4B-00C04F79EFBC}") = "TheWizardsGameShop", "TheWizardsGameShop\TheWizardsGameShop.csproj", "{84374733-69AC-4B09-80AB-8FA972DA340C}"
EndProject
Global
	GlobalSection(SolutionConfigurationPlatforms) = preSolution
		Debug|Any CPU = Debug|Any CPU
		Release|Any CPU = Release|Any CPU
	EndGlobalSection
	GlobalSection(ProjectConfigurationPlatforms) = postSolution
		{84374733-69AC-4B09-80AB-8FA972DA340C}.Debug|Any CPU.ActiveCfg = Debug|Any CPU
		{84374733-69AC-4B09-80AB-8FA972DA340C}.Debug|Any CPU.Build.0 = Debug|Any CPU
		{84374733-69AC-4B09-80AB-8FA972DA340C}.Release|Any CPU.ActiveCfg = Release|Any CPU
		{84374733-69AC-4B09-80AB-8FA972DA340C}.Release|Any CPU.Build.0 = Release|Any CPU
	EndGlobalSection
	GlobalSection(SolutionProperties) = preSolution
		HideSolutionNode = FALSE
	EndGlobalSection
	GlobalSection(ExtensibilityGlobals) = postSolution
		SolutionGuid = {5DA3EFA6-FB58-4E97-9C3D-7A6C6F3CAB57}
	EndGlobalSection
EndGlobal
